// !$*UTF8*$!
{
	archiveVersion = 1;
	classes = {
	};
	objectVersion = 56;
	objects = {

/* Begin PBXBuildFile section */
		5A0F0B0A2928CFEE0072E1EF /* AppDelegate.swift in Sources */ = {isa = PBXBuildFile; fileRef = 5A0F0B092928CFEE0072E1EF /* AppDelegate.swift */; };
		5A0F0B0C2928CFEE0072E1EF /* SceneDelegate.swift in Sources */ = {isa = PBXBuildFile; fileRef = 5A0F0B0B2928CFEE0072E1EF /* SceneDelegate.swift */; };
		5A0F0B0E2928CFEE0072E1EF /* ViewController.swift in Sources */ = {isa = PBXBuildFile; fileRef = 5A0F0B0D2928CFEE0072E1EF /* ViewController.swift */; };
		5A0F0B112928CFEE0072E1EF /* Main.storyboard in Resources */ = {isa = PBXBuildFile; fileRef = 5A0F0B0F2928CFEE0072E1EF /* Main.storyboard */; };
		5A0F0B132928CFEF0072E1EF /* Assets.xcassets in Resources */ = {isa = PBXBuildFile; fileRef = 5A0F0B122928CFEF0072E1EF /* Assets.xcassets */; };
		5A0F0B162928CFEF0072E1EF /* LaunchScreen.storyboard in Resources */ = {isa = PBXBuildFile; fileRef = 5A0F0B142928CFEF0072E1EF /* LaunchScreen.storyboard */; };
		5A0F0B2B2928CFEF0072E1EF /* merchant_viewUITests.swift in Sources */ = {isa = PBXBuildFile; fileRef = 5A0F0B2A2928CFEF0072E1EF /* merchant_viewUITests.swift */; };
		5A0F0B2D2928CFEF0072E1EF /* merchant_viewUITestsLaunchTests.swift in Sources */ = {isa = PBXBuildFile; fileRef = 5A0F0B2C2928CFEF0072E1EF /* merchant_viewUITestsLaunchTests.swift */; };
		5A11CA6E292BF9D500330503 /* WebViewController.swift in Sources */ = {isa = PBXBuildFile; fileRef = 5A11CA6D292BF9D500330503 /* WebViewController.swift */; };
		5A11CA71292C093000330503 /* Router.swift in Sources */ = {isa = PBXBuildFile; fileRef = 5A11CA70292C093000330503 /* Router.swift */; };
		5A11CA73292C0E4400330503 /* MainRouter.swift in Sources */ = {isa = PBXBuildFile; fileRef = 5A11CA72292C0E4400330503 /* MainRouter.swift */; };
		5A11CA76292C0EAE00330503 /* WebViewParameters.swift in Sources */ = {isa = PBXBuildFile; fileRef = 5A11CA75292C0EAE00330503 /* WebViewParameters.swift */; };
		5ACEB185292EC53B007465DC /* MainRouterTest.swift in Sources */ = {isa = PBXBuildFile; fileRef = 5ACEB184292EC53B007465DC /* MainRouterTest.swift */; };
		5AD01F53292900D400B1CC4A /* WebKit.framework in Frameworks */ = {isa = PBXBuildFile; fileRef = 5AD01F52292900D400B1CC4A /* WebKit.framework */; };
		5ADCC41D294E6A6300F1A184 /* WebViewView.swift in Sources */ = {isa = PBXBuildFile; fileRef = 5ADCC41C294E6A6300F1A184 /* WebViewView.swift */; };
		5ADCC41F294E7ED200F1A184 /* MainView.swift in Sources */ = {isa = PBXBuildFile; fileRef = 5ADCC41E294E7ED200F1A184 /* MainView.swift */; };
		5ADCC422294E7F1B00F1A184 /* BaseView.swift in Sources */ = {isa = PBXBuildFile; fileRef = 5ADCC421294E7F1B00F1A184 /* BaseView.swift */; };
		5ADCC424294E81EE00F1A184 /* Errors.swift in Sources */ = {isa = PBXBuildFile; fileRef = 5ADCC423294E81EE00F1A184 /* Errors.swift */; };
		5ADCC426294E84D000F1A184 /* BaseController.swift in Sources */ = {isa = PBXBuildFile; fileRef = 5ADCC425294E84D000F1A184 /* BaseController.swift */; };
		5ADCC428294E916300F1A184 /* BaseParameters.swift in Sources */ = {isa = PBXBuildFile; fileRef = 5ADCC427294E916300F1A184 /* BaseParameters.swift */; };
/* End PBXBuildFile section */

/* Begin PBXContainerItemProxy section */
		5A0F0B1D2928CFEF0072E1EF /* PBXContainerItemProxy */ = {
			isa = PBXContainerItemProxy;
			containerPortal = 5A0F0AFE2928CFEE0072E1EF /* Project object */;
			proxyType = 1;
			remoteGlobalIDString = 5A0F0B052928CFEE0072E1EF;
			remoteInfo = "merchant-view";
		};
		5A0F0B272928CFEF0072E1EF /* PBXContainerItemProxy */ = {
			isa = PBXContainerItemProxy;
			containerPortal = 5A0F0AFE2928CFEE0072E1EF /* Project object */;
			proxyType = 1;
			remoteGlobalIDString = 5A0F0B052928CFEE0072E1EF;
			remoteInfo = "merchant-view";
		};
/* End PBXContainerItemProxy section */

/* Begin PBXFileReference section */
		5A0F0B062928CFEE0072E1EF /* merchant-view.app */ = {isa = PBXFileReference; explicitFileType = wrapper.application; includeInIndex = 0; path = "merchant-view.app"; sourceTree = BUILT_PRODUCTS_DIR; };
		5A0F0B092928CFEE0072E1EF /* AppDelegate.swift */ = {isa = PBXFileReference; lastKnownFileType = sourcecode.swift; path = AppDelegate.swift; sourceTree = "<group>"; };
		5A0F0B0B2928CFEE0072E1EF /* SceneDelegate.swift */ = {isa = PBXFileReference; lastKnownFileType = sourcecode.swift; path = SceneDelegate.swift; sourceTree = "<group>"; };
		5A0F0B0D2928CFEE0072E1EF /* ViewController.swift */ = {isa = PBXFileReference; lastKnownFileType = sourcecode.swift; path = ViewController.swift; sourceTree = "<group>"; };
		5A0F0B102928CFEE0072E1EF /* Base */ = {isa = PBXFileReference; lastKnownFileType = file.storyboard; name = Base; path = Base.lproj/Main.storyboard; sourceTree = "<group>"; };
		5A0F0B122928CFEF0072E1EF /* Assets.xcassets */ = {isa = PBXFileReference; lastKnownFileType = folder.assetcatalog; path = Assets.xcassets; sourceTree = "<group>"; };
		5A0F0B152928CFEF0072E1EF /* Base */ = {isa = PBXFileReference; lastKnownFileType = file.storyboard; name = Base; path = Base.lproj/LaunchScreen.storyboard; sourceTree = "<group>"; };
		5A0F0B172928CFEF0072E1EF /* Info.plist */ = {isa = PBXFileReference; lastKnownFileType = text.plist.xml; path = Info.plist; sourceTree = "<group>"; };
		5A0F0B1C2928CFEF0072E1EF /* merchant-viewTests.xctest */ = {isa = PBXFileReference; explicitFileType = wrapper.cfbundle; includeInIndex = 0; path = "merchant-viewTests.xctest"; sourceTree = BUILT_PRODUCTS_DIR; };
		5A0F0B262928CFEF0072E1EF /* merchant-viewUITests.xctest */ = {isa = PBXFileReference; explicitFileType = wrapper.cfbundle; includeInIndex = 0; path = "merchant-viewUITests.xctest"; sourceTree = BUILT_PRODUCTS_DIR; };
		5A0F0B2A2928CFEF0072E1EF /* merchant_viewUITests.swift */ = {isa = PBXFileReference; lastKnownFileType = sourcecode.swift; path = merchant_viewUITests.swift; sourceTree = "<group>"; };
		5A0F0B2C2928CFEF0072E1EF /* merchant_viewUITestsLaunchTests.swift */ = {isa = PBXFileReference; lastKnownFileType = sourcecode.swift; path = merchant_viewUITestsLaunchTests.swift; sourceTree = "<group>"; };
		5A11CA6D292BF9D500330503 /* WebViewController.swift */ = {isa = PBXFileReference; lastKnownFileType = sourcecode.swift; path = WebViewController.swift; sourceTree = "<group>"; };
		5A11CA70292C093000330503 /* Router.swift */ = {isa = PBXFileReference; lastKnownFileType = sourcecode.swift; path = Router.swift; sourceTree = "<group>"; };
		5A11CA72292C0E4400330503 /* MainRouter.swift */ = {isa = PBXFileReference; lastKnownFileType = sourcecode.swift; path = MainRouter.swift; sourceTree = "<group>"; };
		5A11CA75292C0EAE00330503 /* WebViewParameters.swift */ = {isa = PBXFileReference; lastKnownFileType = sourcecode.swift; path = WebViewParameters.swift; sourceTree = "<group>"; };
		5ACEB184292EC53B007465DC /* MainRouterTest.swift */ = {isa = PBXFileReference; lastKnownFileType = sourcecode.swift; path = MainRouterTest.swift; sourceTree = "<group>"; };
		5ACEB188292EC7D4007465DC /* merchant-view.xctestplan */ = {isa = PBXFileReference; lastKnownFileType = text; path = "merchant-view.xctestplan"; sourceTree = "<group>"; };
		5AD01F52292900D400B1CC4A /* WebKit.framework */ = {isa = PBXFileReference; lastKnownFileType = wrapper.framework; name = WebKit.framework; path = System/Library/Frameworks/WebKit.framework; sourceTree = SDKROOT; };
		5ADCC41C294E6A6300F1A184 /* WebViewView.swift */ = {isa = PBXFileReference; lastKnownFileType = sourcecode.swift; path = WebViewView.swift; sourceTree = "<group>"; };
		5ADCC41E294E7ED200F1A184 /* MainView.swift */ = {isa = PBXFileReference; lastKnownFileType = sourcecode.swift; path = MainView.swift; sourceTree = "<group>"; };
		5ADCC421294E7F1B00F1A184 /* BaseView.swift */ = {isa = PBXFileReference; lastKnownFileType = sourcecode.swift; path = BaseView.swift; sourceTree = "<group>"; };
		5ADCC423294E81EE00F1A184 /* Errors.swift */ = {isa = PBXFileReference; lastKnownFileType = sourcecode.swift; path = Errors.swift; sourceTree = "<group>"; };
		5ADCC425294E84D000F1A184 /* BaseController.swift */ = {isa = PBXFileReference; lastKnownFileType = sourcecode.swift; path = BaseController.swift; sourceTree = "<group>"; };
		5ADCC427294E916300F1A184 /* BaseParameters.swift */ = {isa = PBXFileReference; lastKnownFileType = sourcecode.swift; path = BaseParameters.swift; sourceTree = "<group>"; };
/* End PBXFileReference section */

/* Begin PBXFrameworksBuildPhase section */
		5A0F0B032928CFEE0072E1EF /* Frameworks */ = {
			isa = PBXFrameworksBuildPhase;
			buildActionMask = 2147483647;
			files = (
				5AD01F53292900D400B1CC4A /* WebKit.framework in Frameworks */,
			);
			runOnlyForDeploymentPostprocessing = 0;
		};
		5A0F0B192928CFEF0072E1EF /* Frameworks */ = {
			isa = PBXFrameworksBuildPhase;
			buildActionMask = 2147483647;
			files = (
			);
			runOnlyForDeploymentPostprocessing = 0;
		};
		5A0F0B232928CFEF0072E1EF /* Frameworks */ = {
			isa = PBXFrameworksBuildPhase;
			buildActionMask = 2147483647;
			files = (
			);
			runOnlyForDeploymentPostprocessing = 0;
		};
/* End PBXFrameworksBuildPhase section */

/* Begin PBXGroup section */
		5A0F0AFD2928CFEE0072E1EF = {
			isa = PBXGroup;
			children = (
				5A0F0B082928CFEE0072E1EF /* merchant-view */,
				5A0F0B1F2928CFEF0072E1EF /* merchant-viewTests */,
				5A0F0B292928CFEF0072E1EF /* merchant-viewUITests */,
				5A0F0B072928CFEE0072E1EF /* Products */,
				5AD01F51292900D400B1CC4A /* Frameworks */,
			);
			sourceTree = "<group>";
		};
		5A0F0B072928CFEE0072E1EF /* Products */ = {
			isa = PBXGroup;
			children = (
				5A0F0B062928CFEE0072E1EF /* merchant-view.app */,
				5A0F0B1C2928CFEF0072E1EF /* merchant-viewTests.xctest */,
				5A0F0B262928CFEF0072E1EF /* merchant-viewUITests.xctest */,
			);
			name = Products;
			sourceTree = "<group>";
		};
		5A0F0B082928CFEE0072E1EF /* merchant-view */ = {
			isa = PBXGroup;
			children = (
				5ADCC420294E7EFE00F1A184 /* Base */,
				5A11CA6F292C092700330503 /* Router */,
				5A11CA69292BF94000330503 /* WebView */,
				5A11CA68292BF77B00330503 /* Main */,
				5A11CA67292BF6D700330503 /* Resources */,
				5A11CA65292BF6B600330503 /* Application */,
			);
			path = "merchant-view";
			sourceTree = "<group>";
		};
		5A0F0B1F2928CFEF0072E1EF /* merchant-viewTests */ = {
			isa = PBXGroup;
			children = (
				5ACEB188292EC7D4007465DC /* merchant-view.xctestplan */,
				5ACEB181292EC4B3007465DC /* RouterTests */,
			);
			path = "merchant-viewTests";
			sourceTree = "<group>";
		};
		5A0F0B292928CFEF0072E1EF /* merchant-viewUITests */ = {
			isa = PBXGroup;
			children = (
				5A0F0B2A2928CFEF0072E1EF /* merchant_viewUITests.swift */,
				5A0F0B2C2928CFEF0072E1EF /* merchant_viewUITestsLaunchTests.swift */,
			);
			path = "merchant-viewUITests";
			sourceTree = "<group>";
		};
		5A11CA65292BF6B600330503 /* Application */ = {
			isa = PBXGroup;
			children = (
				5A0F0B092928CFEE0072E1EF /* AppDelegate.swift */,
				5A0F0B0B2928CFEE0072E1EF /* SceneDelegate.swift */,
			);
			path = Application;
			sourceTree = "<group>";
		};
		5A11CA67292BF6D700330503 /* Resources */ = {
			isa = PBXGroup;
			children = (
				5A0F0B122928CFEF0072E1EF /* Assets.xcassets */,
				5A0F0B142928CFEF0072E1EF /* LaunchScreen.storyboard */,
				5A0F0B172928CFEF0072E1EF /* Info.plist */,
			);
			path = Resources;
			sourceTree = "<group>";
		};
		5A11CA68292BF77B00330503 /* Main */ = {
			isa = PBXGroup;
			children = (
				5A0F0B0D2928CFEE0072E1EF /* ViewController.swift */,
				5A0F0B0F2928CFEE0072E1EF /* Main.storyboard */,
				5ADCC41E294E7ED200F1A184 /* MainView.swift */,
			);
			path = Main;
			sourceTree = "<group>";
		};
		5A11CA69292BF94000330503 /* WebView */ = {
			isa = PBXGroup;
			children = (
				5A11CA75292C0EAE00330503 /* WebViewParameters.swift */,
				5A11CA6D292BF9D500330503 /* WebViewController.swift */,
				5ADCC41C294E6A6300F1A184 /* WebViewView.swift */,
			);
			path = WebView;
			sourceTree = "<group>";
		};
		5A11CA6F292C092700330503 /* Router */ = {
			isa = PBXGroup;
			children = (
				5A11CA70292C093000330503 /* Router.swift */,
				5A11CA72292C0E4400330503 /* MainRouter.swift */,
			);
			path = Router;
			sourceTree = "<group>";
		};
		5ACEB181292EC4B3007465DC /* RouterTests */ = {
			isa = PBXGroup;
			children = (
				5ACEB184292EC53B007465DC /* MainRouterTest.swift */,
			);
			path = RouterTests;
			sourceTree = "<group>";
		};
		5AD01F51292900D400B1CC4A /* Frameworks */ = {
			isa = PBXGroup;
			children = (
				5AD01F52292900D400B1CC4A /* WebKit.framework */,
			);
			name = Frameworks;
			sourceTree = "<group>";
		};
		5ADCC420294E7EFE00F1A184 /* Base */ = {
			isa = PBXGroup;
			children = (
				5ADCC421294E7F1B00F1A184 /* BaseView.swift */,
				5ADCC423294E81EE00F1A184 /* Errors.swift */,
				5ADCC425294E84D000F1A184 /* BaseController.swift */,
				5ADCC427294E916300F1A184 /* BaseParameters.swift */,
			);
			path = Base;
			sourceTree = "<group>";
		};
/* End PBXGroup section */

/* Begin PBXNativeTarget section */
		5A0F0B052928CFEE0072E1EF /* merchant-view */ = {
			isa = PBXNativeTarget;
			buildConfigurationList = 5A0F0B302928CFEF0072E1EF /* Build configuration list for PBXNativeTarget "merchant-view" */;
			buildPhases = (
				5A0F0B022928CFEE0072E1EF /* Sources */,
				5A0F0B032928CFEE0072E1EF /* Frameworks */,
				5A0F0B042928CFEE0072E1EF /* Resources */,
			);
			buildRules = (
			);
			dependencies = (
			);
			name = "merchant-view";
			productName = "merchant-view";
			productReference = 5A0F0B062928CFEE0072E1EF /* merchant-view.app */;
			productType = "com.apple.product-type.application";
		};
		5A0F0B1B2928CFEF0072E1EF /* merchant-viewTests */ = {
			isa = PBXNativeTarget;
			buildConfigurationList = 5A0F0B332928CFEF0072E1EF /* Build configuration list for PBXNativeTarget "merchant-viewTests" */;
			buildPhases = (
				5A0F0B182928CFEF0072E1EF /* Sources */,
				5A0F0B192928CFEF0072E1EF /* Frameworks */,
				5A0F0B1A2928CFEF0072E1EF /* Resources */,
			);
			buildRules = (
			);
			dependencies = (
				5A0F0B1E2928CFEF0072E1EF /* PBXTargetDependency */,
			);
			name = "merchant-viewTests";
			productName = "merchant-viewTests";
			productReference = 5A0F0B1C2928CFEF0072E1EF /* merchant-viewTests.xctest */;
			productType = "com.apple.product-type.bundle.unit-test";
		};
		5A0F0B252928CFEF0072E1EF /* merchant-viewUITests */ = {
			isa = PBXNativeTarget;
			buildConfigurationList = 5A0F0B362928CFEF0072E1EF /* Build configuration list for PBXNativeTarget "merchant-viewUITests" */;
			buildPhases = (
				5A0F0B222928CFEF0072E1EF /* Sources */,
				5A0F0B232928CFEF0072E1EF /* Frameworks */,
				5A0F0B242928CFEF0072E1EF /* Resources */,
			);
			buildRules = (
			);
			dependencies = (
				5A0F0B282928CFEF0072E1EF /* PBXTargetDependency */,
			);
			name = "merchant-viewUITests";
			productName = "merchant-viewUITests";
			productReference = 5A0F0B262928CFEF0072E1EF /* merchant-viewUITests.xctest */;
			productType = "com.apple.product-type.bundle.ui-testing";
		};
/* End PBXNativeTarget section */

/* Begin PBXProject section */
		5A0F0AFE2928CFEE0072E1EF /* Project object */ = {
			isa = PBXProject;
			attributes = {
				BuildIndependentTargetsInParallel = 1;
				LastSwiftUpdateCheck = 1410;
				LastUpgradeCheck = 1410;
				TargetAttributes = {
					5A0F0B052928CFEE0072E1EF = {
						CreatedOnToolsVersion = 14.1;
					};
					5A0F0B1B2928CFEF0072E1EF = {
						CreatedOnToolsVersion = 14.1;
						TestTargetID = 5A0F0B052928CFEE0072E1EF;
					};
					5A0F0B252928CFEF0072E1EF = {
						CreatedOnToolsVersion = 14.1;
						TestTargetID = 5A0F0B052928CFEE0072E1EF;
					};
				};
			};
			buildConfigurationList = 5A0F0B012928CFEE0072E1EF /* Build configuration list for PBXProject "merchant-view" */;
			compatibilityVersion = "Xcode 14.0";
			developmentRegion = en;
			hasScannedForEncodings = 0;
			knownRegions = (
				en,
				Base,
			);
			mainGroup = 5A0F0AFD2928CFEE0072E1EF;
			productRefGroup = 5A0F0B072928CFEE0072E1EF /* Products */;
			projectDirPath = "";
			projectRoot = "";
			targets = (
				5A0F0B052928CFEE0072E1EF /* merchant-view */,
				5A0F0B1B2928CFEF0072E1EF /* merchant-viewTests */,
				5A0F0B252928CFEF0072E1EF /* merchant-viewUITests */,
			);
		};
/* End PBXProject section */

/* Begin PBXResourcesBuildPhase section */
		5A0F0B042928CFEE0072E1EF /* Resources */ = {
			isa = PBXResourcesBuildPhase;
			buildActionMask = 2147483647;
			files = (
				5A0F0B162928CFEF0072E1EF /* LaunchScreen.storyboard in Resources */,
				5A0F0B132928CFEF0072E1EF /* Assets.xcassets in Resources */,
				5A0F0B112928CFEE0072E1EF /* Main.storyboard in Resources */,
			);
			runOnlyForDeploymentPostprocessing = 0;
		};
		5A0F0B1A2928CFEF0072E1EF /* Resources */ = {
			isa = PBXResourcesBuildPhase;
			buildActionMask = 2147483647;
			files = (
			);
			runOnlyForDeploymentPostprocessing = 0;
		};
		5A0F0B242928CFEF0072E1EF /* Resources */ = {
			isa = PBXResourcesBuildPhase;
			buildActionMask = 2147483647;
			files = (
			);
			runOnlyForDeploymentPostprocessing = 0;
		};
/* End PBXResourcesBuildPhase section */

/* Begin PBXSourcesBuildPhase section */
		5A0F0B022928CFEE0072E1EF /* Sources */ = {
			isa = PBXSourcesBuildPhase;
			buildActionMask = 2147483647;
			files = (
				5ADCC41D294E6A6300F1A184 /* WebViewView.swift in Sources */,
				5ADCC41F294E7ED200F1A184 /* MainView.swift in Sources */,
				5A11CA6E292BF9D500330503 /* WebViewController.swift in Sources */,
				5A0F0B0E2928CFEE0072E1EF /* ViewController.swift in Sources */,
				5A11CA76292C0EAE00330503 /* WebViewParameters.swift in Sources */,
				5A11CA71292C093000330503 /* Router.swift in Sources */,
				5ADCC428294E916300F1A184 /* BaseParameters.swift in Sources */,
				5A0F0B0A2928CFEE0072E1EF /* AppDelegate.swift in Sources */,
				5ADCC424294E81EE00F1A184 /* Errors.swift in Sources */,
				5ADCC422294E7F1B00F1A184 /* BaseView.swift in Sources */,
				5A0F0B0C2928CFEE0072E1EF /* SceneDelegate.swift in Sources */,
				5ADCC426294E84D000F1A184 /* BaseController.swift in Sources */,
				5A11CA73292C0E4400330503 /* MainRouter.swift in Sources */,
			);
			runOnlyForDeploymentPostprocessing = 0;
		};
		5A0F0B182928CFEF0072E1EF /* Sources */ = {
			isa = PBXSourcesBuildPhase;
			buildActionMask = 2147483647;
			files = (
				5ACEB185292EC53B007465DC /* MainRouterTest.swift in Sources */,
			);
			runOnlyForDeploymentPostprocessing = 0;
		};
		5A0F0B222928CFEF0072E1EF /* Sources */ = {
			isa = PBXSourcesBuildPhase;
			buildActionMask = 2147483647;
			files = (
				5A0F0B2B2928CFEF0072E1EF /* merchant_viewUITests.swift in Sources */,
				5A0F0B2D2928CFEF0072E1EF /* merchant_viewUITestsLaunchTests.swift in Sources */,
			);
			runOnlyForDeploymentPostprocessing = 0;
		};
/* End PBXSourcesBuildPhase section */

/* Begin PBXTargetDependency section */
		5A0F0B1E2928CFEF0072E1EF /* PBXTargetDependency */ = {
			isa = PBXTargetDependency;
			target = 5A0F0B052928CFEE0072E1EF /* merchant-view */;
			targetProxy = 5A0F0B1D2928CFEF0072E1EF /* PBXContainerItemProxy */;
		};
		5A0F0B282928CFEF0072E1EF /* PBXTargetDependency */ = {
			isa = PBXTargetDependency;
			target = 5A0F0B052928CFEE0072E1EF /* merchant-view */;
			targetProxy = 5A0F0B272928CFEF0072E1EF /* PBXContainerItemProxy */;
		};
/* End PBXTargetDependency section */

/* Begin PBXVariantGroup section */
		5A0F0B0F2928CFEE0072E1EF /* Main.storyboard */ = {
			isa = PBXVariantGroup;
			children = (
				5A0F0B102928CFEE0072E1EF /* Base */,
			);
			name = Main.storyboard;
			sourceTree = "<group>";
		};
		5A0F0B142928CFEF0072E1EF /* LaunchScreen.storyboard */ = {
			isa = PBXVariantGroup;
			children = (
				5A0F0B152928CFEF0072E1EF /* Base */,
			);
			name = LaunchScreen.storyboard;
			sourceTree = "<group>";
		};
/* End PBXVariantGroup section */

/* Begin XCBuildConfiguration section */
		5A0F0B2E2928CFEF0072E1EF /* Debug */ = {
			isa = XCBuildConfiguration;
			buildSettings = {
				ALWAYS_SEARCH_USER_PATHS = NO;
				CLANG_ANALYZER_NONNULL = YES;
				CLANG_ANALYZER_NUMBER_OBJECT_CONVERSION = YES_AGGRESSIVE;
				CLANG_CXX_LANGUAGE_STANDARD = "gnu++20";
				CLANG_ENABLE_MODULES = YES;
				CLANG_ENABLE_OBJC_ARC = YES;
				CLANG_ENABLE_OBJC_WEAK = YES;
				CLANG_WARN_BLOCK_CAPTURE_AUTORELEASING = YES;
				CLANG_WARN_BOOL_CONVERSION = YES;
				CLANG_WARN_COMMA = YES;
				CLANG_WARN_CONSTANT_CONVERSION = YES;
				CLANG_WARN_DEPRECATED_OBJC_IMPLEMENTATIONS = YES;
				CLANG_WARN_DIRECT_OBJC_ISA_USAGE = YES_ERROR;
				CLANG_WARN_DOCUMENTATION_COMMENTS = YES;
				CLANG_WARN_EMPTY_BODY = YES;
				CLANG_WARN_ENUM_CONVERSION = YES;
				CLANG_WARN_INFINITE_RECURSION = YES;
				CLANG_WARN_INT_CONVERSION = YES;
				CLANG_WARN_NON_LITERAL_NULL_CONVERSION = YES;
				CLANG_WARN_OBJC_IMPLICIT_RETAIN_SELF = YES;
				CLANG_WARN_OBJC_LITERAL_CONVERSION = YES;
				CLANG_WARN_OBJC_ROOT_CLASS = YES_ERROR;
				CLANG_WARN_QUOTED_INCLUDE_IN_FRAMEWORK_HEADER = YES;
				CLANG_WARN_RANGE_LOOP_ANALYSIS = YES;
				CLANG_WARN_STRICT_PROTOTYPES = YES;
				CLANG_WARN_SUSPICIOUS_MOVE = YES;
				CLANG_WARN_UNGUARDED_AVAILABILITY = YES_AGGRESSIVE;
				CLANG_WARN_UNREACHABLE_CODE = YES;
				CLANG_WARN__DUPLICATE_METHOD_MATCH = YES;
				COPY_PHASE_STRIP = NO;
				DEBUG_INFORMATION_FORMAT = dwarf;
				ENABLE_STRICT_OBJC_MSGSEND = YES;
				ENABLE_TESTABILITY = YES;
				GCC_C_LANGUAGE_STANDARD = gnu11;
				GCC_DYNAMIC_NO_PIC = NO;
				GCC_NO_COMMON_BLOCKS = YES;
				GCC_OPTIMIZATION_LEVEL = 0;
				GCC_PREPROCESSOR_DEFINITIONS = (
					"DEBUG=1",
					"$(inherited)",
				);
				GCC_WARN_64_TO_32_BIT_CONVERSION = YES;
				GCC_WARN_ABOUT_RETURN_TYPE = YES_ERROR;
				GCC_WARN_UNDECLARED_SELECTOR = YES;
				GCC_WARN_UNINITIALIZED_AUTOS = YES_AGGRESSIVE;
				GCC_WARN_UNUSED_FUNCTION = YES;
				GCC_WARN_UNUSED_VARIABLE = YES;
				IPHONEOS_DEPLOYMENT_TARGET = 16.1;
				MTL_ENABLE_DEBUG_INFO = INCLUDE_SOURCE;
				MTL_FAST_MATH = YES;
				ONLY_ACTIVE_ARCH = YES;
				SDKROOT = iphoneos;
				SWIFT_ACTIVE_COMPILATION_CONDITIONS = DEBUG;
				SWIFT_OPTIMIZATION_LEVEL = "-Onone";
			};
			name = Debug;
		};
		5A0F0B2F2928CFEF0072E1EF /* Release */ = {
			isa = XCBuildConfiguration;
			buildSettings = {
				ALWAYS_SEARCH_USER_PATHS = NO;
				CLANG_ANALYZER_NONNULL = YES;
				CLANG_ANALYZER_NUMBER_OBJECT_CONVERSION = YES_AGGRESSIVE;
				CLANG_CXX_LANGUAGE_STANDARD = "gnu++20";
				CLANG_ENABLE_MODULES = YES;
				CLANG_ENABLE_OBJC_ARC = YES;
				CLANG_ENABLE_OBJC_WEAK = YES;
				CLANG_WARN_BLOCK_CAPTURE_AUTORELEASING = YES;
				CLANG_WARN_BOOL_CONVERSION = YES;
				CLANG_WARN_COMMA = YES;
				CLANG_WARN_CONSTANT_CONVERSION = YES;
				CLANG_WARN_DEPRECATED_OBJC_IMPLEMENTATIONS = YES;
				CLANG_WARN_DIRECT_OBJC_ISA_USAGE = YES_ERROR;
				CLANG_WARN_DOCUMENTATION_COMMENTS = YES;
				CLANG_WARN_EMPTY_BODY = YES;
				CLANG_WARN_ENUM_CONVERSION = YES;
				CLANG_WARN_INFINITE_RECURSION = YES;
				CLANG_WARN_INT_CONVERSION = YES;
				CLANG_WARN_NON_LITERAL_NULL_CONVERSION = YES;
				CLANG_WARN_OBJC_IMPLICIT_RETAIN_SELF = YES;
				CLANG_WARN_OBJC_LITERAL_CONVERSION = YES;
				CLANG_WARN_OBJC_ROOT_CLASS = YES_ERROR;
				CLANG_WARN_QUOTED_INCLUDE_IN_FRAMEWORK_HEADER = YES;
				CLANG_WARN_RANGE_LOOP_ANALYSIS = YES;
				CLANG_WARN_STRICT_PROTOTYPES = YES;
				CLANG_WARN_SUSPICIOUS_MOVE = YES;
				CLANG_WARN_UNGUARDED_AVAILABILITY = YES_AGGRESSIVE;
				CLANG_WARN_UNREACHABLE_CODE = YES;
				CLANG_WARN__DUPLICATE_METHOD_MATCH = YES;
				COPY_PHASE_STRIP = NO;
				DEBUG_INFORMATION_FORMAT = "dwarf-with-dsym";
				ENABLE_NS_ASSERTIONS = NO;
				ENABLE_STRICT_OBJC_MSGSEND = YES;
				GCC_C_LANGUAGE_STANDARD = gnu11;
				GCC_NO_COMMON_BLOCKS = YES;
				GCC_WARN_64_TO_32_BIT_CONVERSION = YES;
				GCC_WARN_ABOUT_RETURN_TYPE = YES_ERROR;
				GCC_WARN_UNDECLARED_SELECTOR = YES;
				GCC_WARN_UNINITIALIZED_AUTOS = YES_AGGRESSIVE;
				GCC_WARN_UNUSED_FUNCTION = YES;
				GCC_WARN_UNUSED_VARIABLE = YES;
				IPHONEOS_DEPLOYMENT_TARGET = 16.1;
				MTL_ENABLE_DEBUG_INFO = NO;
				MTL_FAST_MATH = YES;
				SDKROOT = iphoneos;
				SWIFT_COMPILATION_MODE = wholemodule;
				SWIFT_OPTIMIZATION_LEVEL = "-O";
				VALIDATE_PRODUCT = YES;
			};
			name = Release;
		};
		5A0F0B312928CFEF0072E1EF /* Debug */ = {
			isa = XCBuildConfiguration;
			buildSettings = {
				ASSETCATALOG_COMPILER_APPICON_NAME = AppIcon;
				ASSETCATALOG_COMPILER_GLOBAL_ACCENT_COLOR_NAME = AccentColor;
				CODE_SIGN_STYLE = Automatic;
				CURRENT_PROJECT_VERSION = 1;
				GENERATE_INFOPLIST_FILE = YES;
				INFOPLIST_FILE = "merchant-view/Resources/Info.plist";
				INFOPLIST_KEY_CFBundleDisplayName = "Merhcant View";
				INFOPLIST_KEY_LSApplicationCategoryType = "public.app-category.developer-tools";
				INFOPLIST_KEY_UIApplicationSupportsIndirectInputEvents = YES;
				INFOPLIST_KEY_UILaunchStoryboardName = LaunchScreen;
				INFOPLIST_KEY_UIMainStoryboardFile = Main;
				INFOPLIST_KEY_UISupportedInterfaceOrientations = "UIInterfaceOrientationLandscapeLeft UIInterfaceOrientationLandscapeRight UIInterfaceOrientationPortrait UIInterfaceOrientationPortraitUpsideDown";
				IPHONEOS_DEPLOYMENT_TARGET = 13.0;
				LD_RUNPATH_SEARCH_PATHS = (
					"$(inherited)",
					"@executable_path/Frameworks",
				);
				MARKETING_VERSION = 1.0;
				PRODUCT_BUNDLE_IDENTIFIER = "ru.timmson.ios.merchant-view";
				PRODUCT_NAME = "$(TARGET_NAME)";
				SWIFT_EMIT_LOC_STRINGS = YES;
				SWIFT_VERSION = 5.0;
				TARGETED_DEVICE_FAMILY = "1,2";
			};
			name = Debug;
		};
		5A0F0B322928CFEF0072E1EF /* Release */ = {
			isa = XCBuildConfiguration;
			buildSettings = {
				ASSETCATALOG_COMPILER_APPICON_NAME = AppIcon;
				ASSETCATALOG_COMPILER_GLOBAL_ACCENT_COLOR_NAME = AccentColor;
				CODE_SIGN_STYLE = Automatic;
				CURRENT_PROJECT_VERSION = 1;
				GENERATE_INFOPLIST_FILE = YES;
				INFOPLIST_FILE = "merchant-view/Resources/Info.plist";
				INFOPLIST_KEY_CFBundleDisplayName = "Merhcant View";
				INFOPLIST_KEY_LSApplicationCategoryType = "public.app-category.developer-tools";
				INFOPLIST_KEY_UIApplicationSupportsIndirectInputEvents = YES;
				INFOPLIST_KEY_UILaunchStoryboardName = LaunchScreen;
				INFOPLIST_KEY_UIMainStoryboardFile = Main;
				INFOPLIST_KEY_UISupportedInterfaceOrientations = "UIInterfaceOrientationLandscapeLeft UIInterfaceOrientationLandscapeRight UIInterfaceOrientationPortrait UIInterfaceOrientationPortraitUpsideDown";
				IPHONEOS_DEPLOYMENT_TARGET = 13.0;
				LD_RUNPATH_SEARCH_PATHS = (
					"$(inherited)",
					"@executable_path/Frameworks",
				);
				MARKETING_VERSION = 1.0;
				PRODUCT_BUNDLE_IDENTIFIER = "ru.timmson.ios.merchant-view";
				PRODUCT_NAME = "$(TARGET_NAME)";
				SWIFT_EMIT_LOC_STRINGS = YES;
				SWIFT_VERSION = 5.0;
				TARGETED_DEVICE_FAMILY = "1,2";
			};
			name = Release;
		};
		5A0F0B342928CFEF0072E1EF /* Debug */ = {
			isa = XCBuildConfiguration;
			buildSettings = {
				ALWAYS_EMBED_SWIFT_STANDARD_LIBRARIES = YES;
				BUNDLE_LOADER = "$(TEST_HOST)";
				CODE_SIGN_STYLE = Automatic;
				CURRENT_PROJECT_VERSION = 1;
				GENERATE_INFOPLIST_FILE = YES;
				IPHONEOS_DEPLOYMENT_TARGET = 16.1;
				MARKETING_VERSION = 1.0;
				PRODUCT_BUNDLE_IDENTIFIER = "ru.timmson.ios.merchant-viewTests";
				PRODUCT_NAME = "$(TARGET_NAME)";
				SWIFT_EMIT_LOC_STRINGS = NO;
				SWIFT_VERSION = 5.0;
				TARGETED_DEVICE_FAMILY = "1,2";
				TEST_HOST = "$(BUILT_PRODUCTS_DIR)/merchant-view.app/$(BUNDLE_EXECUTABLE_FOLDER_PATH)/merchant-view";
			};
			name = Debug;
		};
		5A0F0B352928CFEF0072E1EF /* Release */ = {
			isa = XCBuildConfiguration;
			buildSettings = {
				ALWAYS_EMBED_SWIFT_STANDARD_LIBRARIES = YES;
				BUNDLE_LOADER = "$(TEST_HOST)";
				CODE_SIGN_STYLE = Automatic;
				CURRENT_PROJECT_VERSION = 1;
				GENERATE_INFOPLIST_FILE = YES;
				IPHONEOS_DEPLOYMENT_TARGET = 16.1;
				MARKETING_VERSION = 1.0;
				PRODUCT_BUNDLE_IDENTIFIER = "ru.timmson.ios.merchant-viewTests";
				PRODUCT_NAME = "$(TARGET_NAME)";
				SWIFT_EMIT_LOC_STRINGS = NO;
				SWIFT_VERSION = 5.0;
				TARGETED_DEVICE_FAMILY = "1,2";
				TEST_HOST = "$(BUILT_PRODUCTS_DIR)/merchant-view.app/$(BUNDLE_EXECUTABLE_FOLDER_PATH)/merchant-view";
			};
			name = Release;
		};
		5A0F0B372928CFEF0072E1EF /* Debug */ = {
			isa = XCBuildConfiguration;
			buildSettings = {
				ALWAYS_EMBED_SWIFT_STANDARD_LIBRARIES = YES;
				CODE_SIGN_STYLE = Automatic;
				CURRENT_PROJECT_VERSION = 1;
				GENERATE_INFOPLIST_FILE = YES;
				MARKETING_VERSION = 1.0;
				PRODUCT_BUNDLE_IDENTIFIER = "ru.timmson.ios.merchant-viewUITests";
				PRODUCT_NAME = "$(TARGET_NAME)";
				SWIFT_EMIT_LOC_STRINGS = NO;
				SWIFT_VERSION = 5.0;
				TARGETED_DEVICE_FAMILY = "1,2";
				TEST_TARGET_NAME = "merchant-view";
			};
			name = Debug;
		};
		5A0F0B382928CFEF0072E1EF /* Release */ = {
			isa = XCBuildConfiguration;
			buildSettings = {
				ALWAYS_EMBED_SWIFT_STANDARD_LIBRARIES = YES;
				CODE_SIGN_STYLE = Automatic;
				CURRENT_PROJECT_VERSION = 1;
				GENERATE_INFOPLIST_FILE = YES;
				MARKETING_VERSION = 1.0;
				PRODUCT_BUNDLE_IDENTIFIER = "ru.timmson.ios.merchant-viewUITests";
				PRODUCT_NAME = "$(TARGET_NAME)";
				SWIFT_EMIT_LOC_STRINGS = NO;
				SWIFT_VERSION = 5.0;
				TARGETED_DEVICE_FAMILY = "1,2";
				TEST_TARGET_NAME = "merchant-view";
			};
			name = Release;
		};
/* End XCBuildConfiguration section */

/* Begin XCConfigurationList section */
		5A0F0B012928CFEE0072E1EF /* Build configuration list for PBXProject "merchant-view" */ = {
			isa = XCConfigurationList;
			buildConfigurations = (
				5A0F0B2E2928CFEF0072E1EF /* Debug */,
				5A0F0B2F2928CFEF0072E1EF /* Release */,
			);
			defaultConfigurationIsVisible = 0;
			defaultConfigurationName = Release;
		};
		5A0F0B302928CFEF0072E1EF /* Build configuration list for PBXNativeTarget "merchant-view" */ = {
			isa = XCConfigurationList;
			buildConfigurations = (
				5A0F0B312928CFEF0072E1EF /* Debug */,
				5A0F0B322928CFEF0072E1EF /* Release */,
			);
			defaultConfigurationIsVisible = 0;
			defaultConfigurationName = Release;
		};
		5A0F0B332928CFEF0072E1EF /* Build configuration list for PBXNativeTarget "merchant-viewTests" */ = {
			isa = XCConfigurationList;
			buildConfigurations = (
				5A0F0B342928CFEF0072E1EF /* Debug */,
				5A0F0B352928CFEF0072E1EF /* Release */,
			);
			defaultConfigurationIsVisible = 0;
			defaultConfigurationName = Release;
		};
		5A0F0B362928CFEF0072E1EF /* Build configuration list for PBXNativeTarget "merchant-viewUITests" */ = {
			isa = XCConfigurationList;
			buildConfigurations = (
				5A0F0B372928CFEF0072E1EF /* Debug */,
				5A0F0B382928CFEF0072E1EF /* Release */,
			);
			defaultConfigurationIsVisible = 0;
			defaultConfigurationName = Release;
		};
/* End XCConfigurationList section */
	};
	rootObject = 5A0F0AFE2928CFEE0072E1EF /* Project object */;
}
